
Microsoft Visual Studio Solution File, Format Version 12.00
# Visual Studio Version 16
VisualStudioVersion = 16.0.31205.134
MinimumVisualStudioVersion = 10.0.40219.1
Project("{9A19103F-16F7-4668-BE54-9A1E7A4F7556}") = "RabbitMQApp.Publisher", "RabbitMQApp.Publisher\RabbitMQApp.Publisher.csproj", "{42BB918A-40DB-461E-A1E1-5F89582F3DA8}"
EndProject
Project("{FAE04EC0-301F-11D3-BF4B-00C04F79EFBC}") = "RabbitMQApp.Subscriber", "RabbitMQApp.Subscriber\RabbitMQApp.Subscriber.csproj", "{0319403A-F043-44A0-9F02-4B0D8CE4B477}"
EndProject
Global
	GlobalSection(SolutionConfigurationPlatforms) = preSolution
		Debug|Any CPU = Debug|Any CPU
		Release|Any CPU = Release|Any CPU
	EndGlobalSection
	GlobalSection(ProjectConfigurationPlatforms) = postSolution
		{42BB918A-40DB-461E-A1E1-5F89582F3DA8}.Debug|Any CPU.ActiveCfg = Debug|Any CPU
		{42BB918A-40DB-461E-A1E1-5F89582F3DA8}.Debug|Any CPU.Build.0 = Debug|Any CPU
		{42BB918A-40DB-461E-A1E1-5F89582F3DA8}.Release|Any CPU.ActiveCfg = Release|Any CPU
		{42BB918A-40DB-461E-A1E1-5F89582F3DA8}.Release|Any CPU.Build.0 = Release|Any CPU
		{0319403A-F043-44A0-9F02-4B0D8CE4B477}.Debug|Any CPU.ActiveCfg = Debug|Any CPU
		{0319403A-F043-44A0-9F02-4B0D8CE4B477}.Debug|Any CPU.Build.0 = Debug|Any CPU
		{0319403A-F043-44A0-9F02-4B0D8CE4B477}.Release|Any CPU.ActiveCfg = Release|Any CPU
		{0319403A-F043-44A0-9F02-4B0D8CE4B477}.Release|Any CPU.Build.0 = Release|Any CPU
	EndGlobalSection
	GlobalSection(SolutionProperties) = preSolution
		HideSolutionNode = FALSE
	EndGlobalSection
	GlobalSection(ExtensibilityGlobals) = postSolution
		SolutionGuid = {4A7BC0A9-4EB3-481F-9920-92BA46F8AC1B}
	EndGlobalSection
EndGlobal
